
Microsoft Visual Studio Solution File, Format Version 12.00
# Visual Studio 15
VisualStudioVersion = 15.0.27428.2027
MinimumVisualStudioVersion = 10.0.40219.1
Project("{FAE04EC0-301F-11D3-BF4B-00C04F79EFBC}") = "MyBomb", "MyBomb\MyBomb.csproj", "{68A4754C-9490-4F3E-A3C5-41EF78C3133D}"
EndProject
Global
	GlobalSection(SolutionConfigurationPlatforms) = preSolution
		Debug|Any CPU = Debug|Any CPU
		Release|Any CPU = Release|Any CPU
	EndGlobalSection
	GlobalSection(ProjectConfigurationPlatforms) = postSolution
		{68A4754C-9490-4F3E-A3C5-41EF78C3133D}.Debug|Any CPU.ActiveCfg = Debug|Any CPU
		{68A4754C-9490-4F3E-A3C5-41EF78C3133D}.Debug|Any CPU.Build.0 = Debug|Any CPU
		{68A4754C-9490-4F3E-A3C5-41EF78C3133D}.Release|Any CPU.ActiveCfg = Release|Any CPU
		{68A4754C-9490-4F3E-A3C5-41EF78C3133D}.Release|Any CPU.Build.0 = Release|Any CPU
	EndGlobalSection
	GlobalSection(SolutionProperties) = preSolution
		HideSolutionNode = FALSE
	EndGlobalSection
	GlobalSection(ExtensibilityGlobals) = postSolution
		SolutionGuid = {5262E866-6FF7-44B5-8106-8E412938156E}
	EndGlobalSection
EndGlobal
